
Microsoft Visual Studio Solution File, Format Version 12.00
# Visual Studio Version 17
VisualStudioVersion = 17.3.32811.315
MinimumVisualStudioVersion = 10.0.40219.1
Project("{FAE04EC0-301F-11D3-BF4B-00C04F79EFBC}") = "MakeASpiral", "MakeASpiral\MakeASpiral.csproj", "{1932FC74-98DC-4E6D-9761-A6E862841988}"
EndProject
Project("{FAE04EC0-301F-11D3-BF4B-00C04F79EFBC}") = "MakeASpiralTests", "MakeASpiralTests\MakeASpiralTests.csproj", "{94728E3D-1F31-4BA5-85F7-BCBB890BFC0F}"
EndProject
Global
	GlobalSection(SolutionConfigurationPlatforms) = preSolution
		Debug|Any CPU = Debug|Any CPU
		Release|Any CPU = Release|Any CPU
	EndGlobalSection
	GlobalSection(ProjectConfigurationPlatforms) = postSolution
		{1932FC74-98DC-4E6D-9761-A6E862841988}.Debug|Any CPU.ActiveCfg = Debug|Any CPU
		{1932FC74-98DC-4E6D-9761-A6E862841988}.Debug|Any CPU.Build.0 = Debug|Any CPU
		{1932FC74-98DC-4E6D-9761-A6E862841988}.Release|Any CPU.ActiveCfg = Release|Any CPU
		{1932FC74-98DC-4E6D-9761-A6E862841988}.Release|Any CPU.Build.0 = Release|Any CPU
		{94728E3D-1F31-4BA5-85F7-BCBB890BFC0F}.Debug|Any CPU.ActiveCfg = Debug|Any CPU
		{94728E3D-1F31-4BA5-85F7-BCBB890BFC0F}.Debug|Any CPU.Build.0 = Debug|Any CPU
		{94728E3D-1F31-4BA5-85F7-BCBB890BFC0F}.Release|Any CPU.ActiveCfg = Release|Any CPU
		{94728E3D-1F31-4BA5-85F7-BCBB890BFC0F}.Release|Any CPU.Build.0 = Release|Any CPU
	EndGlobalSection
	GlobalSection(SolutionProperties) = preSolution
		HideSolutionNode = FALSE
	EndGlobalSection
	GlobalSection(ExtensibilityGlobals) = postSolution
		SolutionGuid = {690F17E2-500B-45C9-93BE-5816B90EB652}
	EndGlobalSection
EndGlobal
