
Microsoft Visual Studio Solution File, Format Version 12.00
# Visual Studio Version 16
VisualStudioVersion = 16.0.30114.105
MinimumVisualStudioVersion = 10.0.40219.1
Project("{FAE04EC0-301F-11D3-BF4B-00C04F79EFBC}") = "Class1", "Class1\Class1.csproj", "{6BA45958-DD61-440A-8482-121BA6F5842C}"
EndProject
Project("{FAE04EC0-301F-11D3-BF4B-00C04F79EFBC}") = "Class1.Tests", "Class1.Tests\Class1.Tests.csproj", "{97217639-54F7-4D3B-BE98-4749CF33CF26}"
EndProject
Global
	GlobalSection(SolutionConfigurationPlatforms) = preSolution
		Debug|Any CPU = Debug|Any CPU
		Release|Any CPU = Release|Any CPU
	EndGlobalSection
	GlobalSection(SolutionProperties) = preSolution
		HideSolutionNode = FALSE
	EndGlobalSection
	GlobalSection(ProjectConfigurationPlatforms) = postSolution
		{6BA45958-DD61-440A-8482-121BA6F5842C}.Debug|Any CPU.ActiveCfg = Debug|Any CPU
		{6BA45958-DD61-440A-8482-121BA6F5842C}.Debug|Any CPU.Build.0 = Debug|Any CPU
		{6BA45958-DD61-440A-8482-121BA6F5842C}.Release|Any CPU.ActiveCfg = Release|Any CPU
		{6BA45958-DD61-440A-8482-121BA6F5842C}.Release|Any CPU.Build.0 = Release|Any CPU
		{97217639-54F7-4D3B-BE98-4749CF33CF26}.Debug|Any CPU.ActiveCfg = Debug|Any CPU
		{97217639-54F7-4D3B-BE98-4749CF33CF26}.Debug|Any CPU.Build.0 = Debug|Any CPU
		{97217639-54F7-4D3B-BE98-4749CF33CF26}.Release|Any CPU.ActiveCfg = Release|Any CPU
		{97217639-54F7-4D3B-BE98-4749CF33CF26}.Release|Any CPU.Build.0 = Release|Any CPU
	EndGlobalSection
EndGlobal
