
Microsoft Visual Studio Solution File, Format Version 12.00
# Visual Studio Version 16
VisualStudioVersion = 16.0.30114.105
MinimumVisualStudioVersion = 10.0.40219.1
Project("{FAE04EC0-301F-11D3-BF4B-00C04F79EFBC}") = "Class1", "Class1\Class1.csproj", "{07525385-56F1-4519-ADEF-5E650F422FAF}"
EndProject
Project("{FAE04EC0-301F-11D3-BF4B-00C04F79EFBC}") = "Class1.Tests", "Class1.Tests\Class1.Tests.csproj", "{D89C8EBF-02BA-45F6-B01E-287022285DA6}"
EndProject
Global
	GlobalSection(SolutionConfigurationPlatforms) = preSolution
		Debug|Any CPU = Debug|Any CPU
		Release|Any CPU = Release|Any CPU
	EndGlobalSection
	GlobalSection(SolutionProperties) = preSolution
		HideSolutionNode = FALSE
	EndGlobalSection
	GlobalSection(ProjectConfigurationPlatforms) = postSolution
		{07525385-56F1-4519-ADEF-5E650F422FAF}.Debug|Any CPU.ActiveCfg = Debug|Any CPU
		{07525385-56F1-4519-ADEF-5E650F422FAF}.Debug|Any CPU.Build.0 = Debug|Any CPU
		{07525385-56F1-4519-ADEF-5E650F422FAF}.Release|Any CPU.ActiveCfg = Release|Any CPU
		{07525385-56F1-4519-ADEF-5E650F422FAF}.Release|Any CPU.Build.0 = Release|Any CPU
		{D89C8EBF-02BA-45F6-B01E-287022285DA6}.Debug|Any CPU.ActiveCfg = Debug|Any CPU
		{D89C8EBF-02BA-45F6-B01E-287022285DA6}.Debug|Any CPU.Build.0 = Debug|Any CPU
		{D89C8EBF-02BA-45F6-B01E-287022285DA6}.Release|Any CPU.ActiveCfg = Release|Any CPU
		{D89C8EBF-02BA-45F6-B01E-287022285DA6}.Release|Any CPU.Build.0 = Release|Any CPU
	EndGlobalSection
EndGlobal
