
Microsoft Visual Studio Solution File, Format Version 12.00
# Visual Studio Version 17
VisualStudioVersion = 17.3.32811.315
MinimumVisualStudioVersion = 10.0.40219.1
Project("{FAE04EC0-301F-11D3-BF4B-00C04F79EFBC}") = "WeightForWeight", "WeightForWeight\WeightForWeight.csproj", "{5AD8E883-8007-49B3-919D-2938AF312EEF}"
EndProject
Project("{FAE04EC0-301F-11D3-BF4B-00C04F79EFBC}") = "WeightSort", "WeightSort\WeightSort.csproj", "{F2BE78B5-3995-46C9-A645-4A1092D5870C}"
EndProject
Project("{FAE04EC0-301F-11D3-BF4B-00C04F79EFBC}") = "WeightSortTests", "WeightSortTests\WeightSortTests.csproj", "{873D1813-DCE7-46AB-941D-D9DE07DE89DA}"
EndProject
Global
	GlobalSection(SolutionConfigurationPlatforms) = preSolution
		Debug|Any CPU = Debug|Any CPU
		Release|Any CPU = Release|Any CPU
	EndGlobalSection
	GlobalSection(ProjectConfigurationPlatforms) = postSolution
		{5AD8E883-8007-49B3-919D-2938AF312EEF}.Debug|Any CPU.ActiveCfg = Debug|Any CPU
		{5AD8E883-8007-49B3-919D-2938AF312EEF}.Debug|Any CPU.Build.0 = Debug|Any CPU
		{5AD8E883-8007-49B3-919D-2938AF312EEF}.Release|Any CPU.ActiveCfg = Release|Any CPU
		{5AD8E883-8007-49B3-919D-2938AF312EEF}.Release|Any CPU.Build.0 = Release|Any CPU
		{F2BE78B5-3995-46C9-A645-4A1092D5870C}.Debug|Any CPU.ActiveCfg = Debug|Any CPU
		{F2BE78B5-3995-46C9-A645-4A1092D5870C}.Debug|Any CPU.Build.0 = Debug|Any CPU
		{F2BE78B5-3995-46C9-A645-4A1092D5870C}.Release|Any CPU.ActiveCfg = Release|Any CPU
		{F2BE78B5-3995-46C9-A645-4A1092D5870C}.Release|Any CPU.Build.0 = Release|Any CPU
		{873D1813-DCE7-46AB-941D-D9DE07DE89DA}.Debug|Any CPU.ActiveCfg = Debug|Any CPU
		{873D1813-DCE7-46AB-941D-D9DE07DE89DA}.Debug|Any CPU.Build.0 = Debug|Any CPU
		{873D1813-DCE7-46AB-941D-D9DE07DE89DA}.Release|Any CPU.ActiveCfg = Release|Any CPU
		{873D1813-DCE7-46AB-941D-D9DE07DE89DA}.Release|Any CPU.Build.0 = Release|Any CPU
	EndGlobalSection
	GlobalSection(SolutionProperties) = preSolution
		HideSolutionNode = FALSE
	EndGlobalSection
	GlobalSection(ExtensibilityGlobals) = postSolution
		SolutionGuid = {FCB6C086-AD9D-4C9A-A629-BE061F3B5977}
	EndGlobalSection
EndGlobal
