
Microsoft Visual Studio Solution File, Format Version 12.00
# Visual Studio Version 17
VisualStudioVersion = 17.3.32811.315
MinimumVisualStudioVersion = 10.0.40219.1
Project("{FAE04EC0-301F-11D3-BF4B-00C04F79EFBC}") = "PaginationHelper", "PaginationHelper\PaginationHelper.csproj", "{048BF86F-5A03-46CF-A70E-DB1349F6AF6A}"
EndProject
Project("{FAE04EC0-301F-11D3-BF4B-00C04F79EFBC}") = "PaginationHelper.Lib", "PaginationHelperLib\PaginationHelper.Lib.csproj", "{0D6808E6-16A7-46C3-B4F2-D70D144B2588}"
EndProject
Project("{FAE04EC0-301F-11D3-BF4B-00C04F79EFBC}") = "PaginationHelper.Tests", "PaginationHelper.Tests\PaginationHelper.Tests.csproj", "{4A06120C-E2F9-4D52-9252-2336D0A1AE31}"
EndProject
Global
	GlobalSection(SolutionConfigurationPlatforms) = preSolution
		Debug|Any CPU = Debug|Any CPU
		Release|Any CPU = Release|Any CPU
	EndGlobalSection
	GlobalSection(ProjectConfigurationPlatforms) = postSolution
		{048BF86F-5A03-46CF-A70E-DB1349F6AF6A}.Debug|Any CPU.ActiveCfg = Debug|Any CPU
		{048BF86F-5A03-46CF-A70E-DB1349F6AF6A}.Debug|Any CPU.Build.0 = Debug|Any CPU
		{048BF86F-5A03-46CF-A70E-DB1349F6AF6A}.Release|Any CPU.ActiveCfg = Release|Any CPU
		{048BF86F-5A03-46CF-A70E-DB1349F6AF6A}.Release|Any CPU.Build.0 = Release|Any CPU
		{0D6808E6-16A7-46C3-B4F2-D70D144B2588}.Debug|Any CPU.ActiveCfg = Debug|Any CPU
		{0D6808E6-16A7-46C3-B4F2-D70D144B2588}.Debug|Any CPU.Build.0 = Debug|Any CPU
		{0D6808E6-16A7-46C3-B4F2-D70D144B2588}.Release|Any CPU.ActiveCfg = Release|Any CPU
		{0D6808E6-16A7-46C3-B4F2-D70D144B2588}.Release|Any CPU.Build.0 = Release|Any CPU
		{4A06120C-E2F9-4D52-9252-2336D0A1AE31}.Debug|Any CPU.ActiveCfg = Debug|Any CPU
		{4A06120C-E2F9-4D52-9252-2336D0A1AE31}.Debug|Any CPU.Build.0 = Debug|Any CPU
		{4A06120C-E2F9-4D52-9252-2336D0A1AE31}.Release|Any CPU.ActiveCfg = Release|Any CPU
		{4A06120C-E2F9-4D52-9252-2336D0A1AE31}.Release|Any CPU.Build.0 = Release|Any CPU
	EndGlobalSection
	GlobalSection(SolutionProperties) = preSolution
		HideSolutionNode = FALSE
	EndGlobalSection
	GlobalSection(ExtensibilityGlobals) = postSolution
		SolutionGuid = {1B716E1F-F748-434E-AF38-4C97DA3897A8}
	EndGlobalSection
EndGlobal
