
Microsoft Visual Studio Solution File, Format Version 12.00
# Visual Studio Version 17
VisualStudioVersion = 17.3.32811.315
MinimumVisualStudioVersion = 10.0.40219.1
Project("{FAE04EC0-301F-11D3-BF4B-00C04F79EFBC}") = "SortBinaryTree.Runner", "SortBinaryTree.Runner\SortBinaryTree.Runner.csproj", "{2FAFA01C-353C-42A2-AE85-8CA9678AF4BC}"
EndProject
Project("{FAE04EC0-301F-11D3-BF4B-00C04F79EFBC}") = "BinaryTree", "BinaryTree\BinaryTree.csproj", "{A2260FDA-E0A9-4E98-BF05-805C8F36D04B}"
EndProject
Project("{FAE04EC0-301F-11D3-BF4B-00C04F79EFBC}") = "BinaryTree.Tests", "BinaryTree.Tests\BinaryTree.Tests.csproj", "{3777A7A3-CCF8-43BC-B811-C9FE83CD3A9F}"
EndProject
Project("{FAE04EC0-301F-11D3-BF4B-00C04F79EFBC}") = "Kata", "Kata\Kata.csproj", "{3C64272E-A296-4EE9-9615-22796039DCA3}"
EndProject
Project("{FAE04EC0-301F-11D3-BF4B-00C04F79EFBC}") = "KataTests", "KataTests\KataTests.csproj", "{01288692-F1E6-4E21-BA73-F005D1000727}"
EndProject
Global
	GlobalSection(SolutionConfigurationPlatforms) = preSolution
		Debug|Any CPU = Debug|Any CPU
		Release|Any CPU = Release|Any CPU
	EndGlobalSection
	GlobalSection(ProjectConfigurationPlatforms) = postSolution
		{2FAFA01C-353C-42A2-AE85-8CA9678AF4BC}.Debug|Any CPU.ActiveCfg = Debug|Any CPU
		{2FAFA01C-353C-42A2-AE85-8CA9678AF4BC}.Debug|Any CPU.Build.0 = Debug|Any CPU
		{2FAFA01C-353C-42A2-AE85-8CA9678AF4BC}.Release|Any CPU.ActiveCfg = Release|Any CPU
		{2FAFA01C-353C-42A2-AE85-8CA9678AF4BC}.Release|Any CPU.Build.0 = Release|Any CPU
		{A2260FDA-E0A9-4E98-BF05-805C8F36D04B}.Debug|Any CPU.ActiveCfg = Debug|Any CPU
		{A2260FDA-E0A9-4E98-BF05-805C8F36D04B}.Debug|Any CPU.Build.0 = Debug|Any CPU
		{A2260FDA-E0A9-4E98-BF05-805C8F36D04B}.Release|Any CPU.ActiveCfg = Release|Any CPU
		{A2260FDA-E0A9-4E98-BF05-805C8F36D04B}.Release|Any CPU.Build.0 = Release|Any CPU
		{3777A7A3-CCF8-43BC-B811-C9FE83CD3A9F}.Debug|Any CPU.ActiveCfg = Debug|Any CPU
		{3777A7A3-CCF8-43BC-B811-C9FE83CD3A9F}.Debug|Any CPU.Build.0 = Debug|Any CPU
		{3777A7A3-CCF8-43BC-B811-C9FE83CD3A9F}.Release|Any CPU.ActiveCfg = Release|Any CPU
		{3777A7A3-CCF8-43BC-B811-C9FE83CD3A9F}.Release|Any CPU.Build.0 = Release|Any CPU
		{3C64272E-A296-4EE9-9615-22796039DCA3}.Debug|Any CPU.ActiveCfg = Debug|Any CPU
		{3C64272E-A296-4EE9-9615-22796039DCA3}.Debug|Any CPU.Build.0 = Debug|Any CPU
		{3C64272E-A296-4EE9-9615-22796039DCA3}.Release|Any CPU.ActiveCfg = Release|Any CPU
		{3C64272E-A296-4EE9-9615-22796039DCA3}.Release|Any CPU.Build.0 = Release|Any CPU
		{01288692-F1E6-4E21-BA73-F005D1000727}.Debug|Any CPU.ActiveCfg = Debug|Any CPU
		{01288692-F1E6-4E21-BA73-F005D1000727}.Debug|Any CPU.Build.0 = Debug|Any CPU
		{01288692-F1E6-4E21-BA73-F005D1000727}.Release|Any CPU.ActiveCfg = Release|Any CPU
		{01288692-F1E6-4E21-BA73-F005D1000727}.Release|Any CPU.Build.0 = Release|Any CPU
	EndGlobalSection
	GlobalSection(SolutionProperties) = preSolution
		HideSolutionNode = FALSE
	EndGlobalSection
	GlobalSection(ExtensibilityGlobals) = postSolution
		SolutionGuid = {DEF429EA-D928-4CD6-8566-27544AC8683C}
	EndGlobalSection
EndGlobal
